PODS:
  - battery_info (0.0.1):
    - Flutter
  - Flutter (1.0.0)

DEPENDENCIES:
  - battery_info (from `.symlinks/plugins/battery_info/ios`)
  - Flutter (from `Flutter`)

EXTERNAL SOURCES:
  battery_info:
    :path: ".symlinks/plugins/battery_info/ios"
  Flutter:
    :path: Flutter

SPEC CHECKSUMS:
  battery_info: f04d0cfa5a27afebd9f9417763f947453e32fe1b
  Flutter: e0871f40cf51350855a761d2e70bf5af5b9b5de7

PODFILE CHECKSUM: 819463e6a0290f5a72f145ba7cde16e8b6ef0796

COCOAPODS: 1.13.0
